
Microsoft Visual Studio Solution File, Format Version 12.00
# Visual Studio Version 17
VisualStudioVersion = 17.14.36414.22 d17.14
MinimumVisualStudioVersion = 10.0.40219.1
Project("{FAE04EC0-301F-11D3-BF4B-00C04F79EFBC}") = "WorkFlow.Vacation.Api", "WorkFlow.Vacation.Api.csproj", "{81599FAB-8745-4F92-8081-5555D7E4DD47}"
EndProject
Project("{FAE04EC0-301F-11D3-BF4B-00C04F79EFBC}") = "WorkFlow.Vacation.Application", "..\WorkFlow.Vacation.Application\WorkFlow.Vacation.Application.csproj", "{397FC46C-3777-4D86-A45D-03823973EA42}"
EndProject
Project("{FAE04EC0-301F-11D3-BF4B-00C04F79EFBC}") = "WorkFlow.Vacation.Core", "..\WorkFlow.Vacation.Core\WorkFlow.Vacation.Core.csproj", "{59FBDE7E-107C-4734-B672-10D92FF816EC}"
EndProject
Project("{FAE04EC0-301F-11D3-BF4B-00C04F79EFBC}") = "WorkFlow.Vacation.Infrastructure", "..\workFlow.Vacation.Infrastructure\WorkFlow.Vacation.Infrastructure.csproj", "{A7DD9941-3FBA-46AE-A4D5-EF08117E05EE}"
EndProject
Project("{FAE04EC0-301F-11D3-BF4B-00C04F79EFBC}") = "WorkFlow.Vacation.Tests", "..\WorkFlow.Vacation.Tests\WorkFlow.Vacation.Tests.csproj", "{E54A155F-0623-49DA-AEF4-E2877FDAC4D2}"
EndProject
Global
	GlobalSection(SolutionConfigurationPlatforms) = preSolution
		Debug|Any CPU = Debug|Any CPU
		Release|Any CPU = Release|Any CPU
	EndGlobalSection
	GlobalSection(ProjectConfigurationPlatforms) = postSolution
		{81599FAB-8745-4F92-8081-5555D7E4DD47}.Debug|Any CPU.ActiveCfg = Debug|Any CPU
		{81599FAB-8745-4F92-8081-5555D7E4DD47}.Debug|Any CPU.Build.0 = Debug|Any CPU
		{81599FAB-8745-4F92-8081-5555D7E4DD47}.Release|Any CPU.ActiveCfg = Release|Any CPU
		{81599FAB-8745-4F92-8081-5555D7E4DD47}.Release|Any CPU.Build.0 = Release|Any CPU
		{397FC46C-3777-4D86-A45D-03823973EA42}.Debug|Any CPU.ActiveCfg = Debug|Any CPU
		{397FC46C-3777-4D86-A45D-03823973EA42}.Debug|Any CPU.Build.0 = Debug|Any CPU
		{397FC46C-3777-4D86-A45D-03823973EA42}.Release|Any CPU.ActiveCfg = Release|Any CPU
		{397FC46C-3777-4D86-A45D-03823973EA42}.Release|Any CPU.Build.0 = Release|Any CPU
		{59FBDE7E-107C-4734-B672-10D92FF816EC}.Debug|Any CPU.ActiveCfg = Debug|Any CPU
		{59FBDE7E-107C-4734-B672-10D92FF816EC}.Debug|Any CPU.Build.0 = Debug|Any CPU
		{59FBDE7E-107C-4734-B672-10D92FF816EC}.Release|Any CPU.ActiveCfg = Release|Any CPU
		{59FBDE7E-107C-4734-B672-10D92FF816EC}.Release|Any CPU.Build.0 = Release|Any CPU
		{A7DD9941-3FBA-46AE-A4D5-EF08117E05EE}.Debug|Any CPU.ActiveCfg = Debug|Any CPU
		{A7DD9941-3FBA-46AE-A4D5-EF08117E05EE}.Debug|Any CPU.Build.0 = Debug|Any CPU
		{A7DD9941-3FBA-46AE-A4D5-EF08117E05EE}.Release|Any CPU.ActiveCfg = Release|Any CPU
		{A7DD9941-3FBA-46AE-A4D5-EF08117E05EE}.Release|Any CPU.Build.0 = Release|Any CPU
		{E54A155F-0623-49DA-AEF4-E2877FDAC4D2}.Debug|Any CPU.ActiveCfg = Debug|Any CPU
		{E54A155F-0623-49DA-AEF4-E2877FDAC4D2}.Debug|Any CPU.Build.0 = Debug|Any CPU
		{E54A155F-0623-49DA-AEF4-E2877FDAC4D2}.Release|Any CPU.ActiveCfg = Release|Any CPU
		{E54A155F-0623-49DA-AEF4-E2877FDAC4D2}.Release|Any CPU.Build.0 = Release|Any CPU
	EndGlobalSection
	GlobalSection(SolutionProperties) = preSolution
		HideSolutionNode = FALSE
	EndGlobalSection
	GlobalSection(ExtensibilityGlobals) = postSolution
		SolutionGuid = {F47E70A0-F4D0-472D-9778-70786159EA7F}
	EndGlobalSection
EndGlobal
